// !$*UTF8*$!
{
	archiveVersion = 1;
	classes = {
	};
	objectVersion = 46;
	objects = {

/* Begin PBXBuildFile section */
		3E3958151AA8F2C5007925EA /* AppDelegate.swift in Sources */ = {isa = PBXBuildFile; fileRef = 3E3958141AA8F2C5007925EA /* AppDelegate.swift */; };
		3E3958171AA8F2C5007925EA /* ViewController.swift in Sources */ = {isa = PBXBuildFile; fileRef = 3E3958161AA8F2C5007925EA /* ViewController.swift */; };
		3E39581A1AA8F2C5007925EA /* Main.storyboard in Resources */ = {isa = PBXBuildFile; fileRef = 3E3958181AA8F2C5007925EA /* Main.storyboard */; };
		3E39581C1AA8F2C5007925EA /* Images.xcassets in Resources */ = {isa = PBXBuildFile; fileRef = 3E39581B1AA8F2C5007925EA /* Images.xcassets */; };
		3E39581F1AA8F2C5007925EA /* LaunchScreen.xib in Resources */ = {isa = PBXBuildFile; fileRef = 3E39581D1AA8F2C5007925EA /* LaunchScreen.xib */; };
		3E39582B1AA8F2C5007925EA /* SpritelyTests.swift in Sources */ = {isa = PBXBuildFile; fileRef = 3E39582A1AA8F2C5007925EA /* SpritelyTests.swift */; };
		BE7E54541AAACFB500DACDE6 /* TouchEnabledShapeNode.swift in Sources */ = {isa = PBXBuildFile; fileRef = BE7E54531AAACFB500DACDE6 /* TouchEnabledShapeNode.swift */; };
/* End PBXBuildFile section */

/* Begin PBXContainerItemProxy section */
		3E3958251AA8F2C5007925EA /* PBXContainerItemProxy */ = {
			isa = PBXContainerItemProxy;
			containerPortal = 3E3958071AA8F2C5007925EA /* Project object */;
			proxyType = 1;
			remoteGlobalIDString = 3E39580E1AA8F2C5007925EA;
			remoteInfo = Spritely;
		};
/* End PBXContainerItemProxy section */

/* Begin PBXFileReference section */
		3E39580F1AA8F2C5007925EA /* Spritely.app */ = {isa = PBXFileReference; explicitFileType = wrapper.application; includeInIndex = 0; path = Spritely.app; sourceTree = BUILT_PRODUCTS_DIR; };
		3E3958131AA8F2C5007925EA /* Info.plist */ = {isa = PBXFileReference; lastKnownFileType = text.plist.xml; path = Info.plist; sourceTree = "<group>"; };
		3E3958141AA8F2C5007925EA /* AppDelegate.swift */ = {isa = PBXFileReference; lastKnownFileType = sourcecode.swift; path = AppDelegate.swift; sourceTree = "<group>"; };
		3E3958161AA8F2C5007925EA /* ViewController.swift */ = {isa = PBXFileReference; lastKnownFileType = sourcecode.swift; path = ViewController.swift; sourceTree = "<group>"; };
		3E3958191AA8F2C5007925EA /* Base */ = {isa = PBXFileReference; lastKnownFileType = file.storyboard; name = Base; path = Base.lproj/Main.storyboard; sourceTree = "<group>"; };
		3E39581B1AA8F2C5007925EA /* Images.xcassets */ = {isa = PBXFileReference; lastKnownFileType = folder.assetcatalog; path = Images.xcassets; sourceTree = "<group>"; };
		3E39581E1AA8F2C5007925EA /* Base */ = {isa = PBXFileReference; lastKnownFileType = file.xib; name = Base; path = Base.lproj/LaunchScreen.xib; sourceTree = "<group>"; };
		3E3958241AA8F2C5007925EA /* SpritelyTests.xctest */ = {isa = PBXFileReference; explicitFileType = wrapper.cfbundle; includeInIndex = 0; path = SpritelyTests.xctest; sourceTree = BUILT_PRODUCTS_DIR; };
		3E3958291AA8F2C5007925EA /* Info.plist */ = {isa = PBXFileReference; lastKnownFileType = text.plist.xml; path = Info.plist; sourceTree = "<group>"; };
		3E39582A1AA8F2C5007925EA /* SpritelyTests.swift */ = {isa = PBXFileReference; lastKnownFileType = sourcecode.swift; path = SpritelyTests.swift; sourceTree = "<group>"; };
		BE7E54531AAACFB500DACDE6 /* TouchEnabledShapeNode.swift */ = {isa = PBXFileReference; fileEncoding = 4; lastKnownFileType = sourcecode.swift; path = TouchEnabledShapeNode.swift; sourceTree = "<group>"; };
/* End PBXFileReference section */

/* Begin PBXFrameworksBuildPhase section */
		3E39580C1AA8F2C5007925EA /* Frameworks */ = {
			isa = PBXFrameworksBuildPhase;
			buildActionMask = 2147483647;
			files = (
			);
			runOnlyForDeploymentPostprocessing = 0;
		};
		3E3958211AA8F2C5007925EA /* Frameworks */ = {
			isa = PBXFrameworksBuildPhase;
			buildActionMask = 2147483647;
			files = (
			);
			runOnlyForDeploymentPostprocessing = 0;
		};
/* End PBXFrameworksBuildPhase section */

/* Begin PBXGroup section */
		3E3958061AA8F2C5007925EA = {
			isa = PBXGroup;
			children = (
				3E3958111AA8F2C5007925EA /* Spritely */,
				3E3958271AA8F2C5007925EA /* SpritelyTests */,
				3E3958101AA8F2C5007925EA /* Products */,
			);
			sourceTree = "<group>";
		};
		3E3958101AA8F2C5007925EA /* Products */ = {
			isa = PBXGroup;
			children = (
				3E39580F1AA8F2C5007925EA /* Spritely.app */,
				3E3958241AA8F2C5007925EA /* SpritelyTests.xctest */,
			);
			name = Products;
			sourceTree = "<group>";
		};
		3E3958111AA8F2C5007925EA /* Spritely */ = {
			isa = PBXGroup;
			children = (
				BE7E54521AAACF3F00DACDE6 /* components */,
				3E3958141AA8F2C5007925EA /* AppDelegate.swift */,
				3E3958161AA8F2C5007925EA /* ViewController.swift */,
				3E3958181AA8F2C5007925EA /* Main.storyboard */,
				3E39581B1AA8F2C5007925EA /* Images.xcassets */,
				3E39581D1AA8F2C5007925EA /* LaunchScreen.xib */,
				3E3958121AA8F2C5007925EA /* Supporting Files */,
			);
			path = Spritely;
			sourceTree = "<group>";
		};
		3E3958121AA8F2C5007925EA /* Supporting Files */ = {
			isa = PBXGroup;
			children = (
				3E3958131AA8F2C5007925EA /* Info.plist */,
			);
			name = "Supporting Files";
			sourceTree = "<group>";
		};
		3E3958271AA8F2C5007925EA /* SpritelyTests */ = {
			isa = PBXGroup;
			children = (
				3E39582A1AA8F2C5007925EA /* SpritelyTests.swift */,
				3E3958281AA8F2C5007925EA /* Supporting Files */,
			);
			path = SpritelyTests;
			sourceTree = "<group>";
		};
		3E3958281AA8F2C5007925EA /* Supporting Files */ = {
			isa = PBXGroup;
			children = (
				3E3958291AA8F2C5007925EA /* Info.plist */,
			);
			name = "Supporting Files";
			sourceTree = "<group>";
		};
		BE7E54521AAACF3F00DACDE6 /* components */ = {
			isa = PBXGroup;
			children = (
				BE7E54531AAACFB500DACDE6 /* TouchEnabledShapeNode.swift */,
			);
			name = components;
			sourceTree = "<group>";
		};
/* End PBXGroup section */

/* Begin PBXNativeTarget section */
		3E39580E1AA8F2C5007925EA /* Spritely */ = {
			isa = PBXNativeTarget;
			buildConfigurationList = 3E39582E1AA8F2C5007925EA /* Build configuration list for PBXNativeTarget "Spritely" */;
			buildPhases = (
				3E39580B1AA8F2C5007925EA /* Sources */,
				3E39580C1AA8F2C5007925EA /* Frameworks */,
				3E39580D1AA8F2C5007925EA /* Resources */,
			);
			buildRules = (
			);
			dependencies = (
			);
			name = Spritely;
			productName = Spritely;
			productReference = 3E39580F1AA8F2C5007925EA /* Spritely.app */;
			productType = "com.apple.product-type.application";
		};
		3E3958231AA8F2C5007925EA /* SpritelyTests */ = {
			isa = PBXNativeTarget;
			buildConfigurationList = 3E3958311AA8F2C5007925EA /* Build configuration list for PBXNativeTarget "SpritelyTests" */;
			buildPhases = (
				3E3958201AA8F2C5007925EA /* Sources */,
				3E3958211AA8F2C5007925EA /* Frameworks */,
				3E3958221AA8F2C5007925EA /* Resources */,
			);
			buildRules = (
			);
			dependencies = (
				3E3958261AA8F2C5007925EA /* PBXTargetDependency */,
			);
			name = SpritelyTests;
			productName = SpritelyTests;
			productReference = 3E3958241AA8F2C5007925EA /* SpritelyTests.xctest */;
			productType = "com.apple.product-type.bundle.unit-test";
		};
/* End PBXNativeTarget section */

/* Begin PBXProject section */
		3E3958071AA8F2C5007925EA /* Project object */ = {
			isa = PBXProject;
			attributes = {
				LastUpgradeCheck = 0610;
				ORGANIZATIONNAME = "Simon Gladman";
				TargetAttributes = {
					3E39580E1AA8F2C5007925EA = {
						CreatedOnToolsVersion = 6.1.1;
					};
					3E3958231AA8F2C5007925EA = {
						CreatedOnToolsVersion = 6.1.1;
						TestTargetID = 3E39580E1AA8F2C5007925EA;
					};
				};
			};
			buildConfigurationList = 3E39580A1AA8F2C5007925EA /* Build configuration list for PBXProject "Spritely" */;
			compatibilityVersion = "Xcode 3.2";
			developmentRegion = English;
			hasScannedForEncodings = 0;
			knownRegions = (
				en,
				Base,
			);
			mainGroup = 3E3958061AA8F2C5007925EA;
			productRefGroup = 3E3958101AA8F2C5007925EA /* Products */;
			projectDirPath = "";
			projectRoot = "";
			targets = (
				3E39580E1AA8F2C5007925EA /* Spritely */,
				3E3958231AA8F2C5007925EA /* SpritelyTests */,
			);
		};
/* End PBXProject section */

/* Begin PBXResourcesBuildPhase section */
		3E39580D1AA8F2C5007925EA /* Resources */ = {
			isa = PBXResourcesBuildPhase;
			buildActionMask = 2147483647;
			files = (
				3E39581A1AA8F2C5007925EA /* Main.storyboard in Resources */,
				3E39581F1AA8F2C5007925EA /* LaunchScreen.xib in Resources */,
				3E39581C1AA8F2C5007925EA /* Images.xcassets in Resources */,
			);
			runOnlyForDeploymentPostprocessing = 0;
		};
		3E3958221AA8F2C5007925EA /* Resources */ = {
			isa = PBXResourcesBuildPhase;
			buildActionMask = 2147483647;
			files = (
			);
			runOnlyForDeploymentPostprocessing = 0;
		};
/* End PBXResourcesBuildPhase section */

/* Begin PBXSourcesBuildPhase section */
		3E39580B1AA8F2C5007925EA /* Sources */ = {
			isa = PBXSourcesBuildPhase;
			buildActionMask = 2147483647;
			files = (
				BE7E54541AAACFB500DACDE6 /* TouchEnabledShapeNode.swift in Sources */,
				3E3958171AA8F2C5007925EA /* ViewController.swift in Sources */,
				3E3958151AA8F2C5007925EA /* AppDelegate.swift in Sources */,
			);
			runOnlyForDeploymentPostprocessing = 0;
		};
		3E3958201AA8F2C5007925EA /* Sources */ = {
			isa = PBXSourcesBuildPhase;
			buildActionMask = 2147483647;
			files = (
				3E39582B1AA8F2C5007925EA /* SpritelyTests.swift in Sources */,
			);
			runOnlyForDeploymentPostprocessing = 0;
		};
/* End PBXSourcesBuildPhase section */

/* Begin PBXTargetDependency section */
		3E3958261AA8F2C5007925EA /* PBXTargetDependency */ = {
			isa = PBXTargetDependency;
			target = 3E39580E1AA8F2C5007925EA /* Spritely */;
			targetProxy = 3E3958251AA8F2C5007925EA /* PBXContainerItemProxy */;
		};
/* End PBXTargetDependency section */

/* Begin PBXVariantGroup section */
		3E3958181AA8F2C5007925EA /* Main.storyboard */ = {
			isa = PBXVariantGroup;
			children = (
				3E3958191AA8F2C5007925EA /* Base */,
			);
			name = Main.storyboard;
			sourceTree = "<group>";
		};
		3E39581D1AA8F2C5007925EA /* LaunchScreen.xib */ = {
			isa = PBXVariantGroup;
			children = (
				3E39581E1AA8F2C5007925EA /* Base */,
			);
			name = LaunchScreen.xib;
			sourceTree = "<group>";
		};
/* End PBXVariantGroup section */

/* Begin XCBuildConfiguration section */
		3E39582C1AA8F2C5007925EA /* Debug */ = {
			isa = XCBuildConfiguration;
			buildSettings = {
				ALWAYS_SEARCH_USER_PATHS = NO;
				CLANG_CXX_LANGUAGE_STANDARD = "gnu++0x";
				CLANG_CXX_LIBRARY = "libc++";
				CLANG_ENABLE_MODULES = YES;
				CLANG_ENABLE_OBJC_ARC = YES;
				CLANG_WARN_BOOL_CONVERSION = YES;
				CLANG_WARN_CONSTANT_CONVERSION = YES;
				CLANG_WARN_DIRECT_OBJC_ISA_USAGE = YES_ERROR;
				CLANG_WARN_EMPTY_BODY = YES;
				CLANG_WARN_ENUM_CONVERSION = YES;
				CLANG_WARN_INT_CONVERSION = YES;
				CLANG_WARN_OBJC_ROOT_CLASS = YES_ERROR;
				CLANG_WARN_UNREACHABLE_CODE = YES;
				CLANG_WARN__DUPLICATE_METHOD_MATCH = YES;
				"CODE_SIGN_IDENTITY[sdk=iphoneos*]" = "iPhone Developer";
				COPY_PHASE_STRIP = NO;
				ENABLE_STRICT_OBJC_MSGSEND = YES;
				GCC_C_LANGUAGE_STANDARD = gnu99;
				GCC_DYNAMIC_NO_PIC = NO;
				GCC_OPTIMIZATION_LEVEL = 0;
				GCC_PREPROCESSOR_DEFINITIONS = (
					"DEBUG=1",
					"$(inherited)",
				);
				GCC_SYMBOLS_PRIVATE_EXTERN = NO;
				GCC_WARN_64_TO_32_BIT_CONVERSION = YES;
				GCC_WARN_ABOUT_RETURN_TYPE = YES_ERROR;
				GCC_WARN_UNDECLARED_SELECTOR = YES;
				GCC_WARN_UNINITIALIZED_AUTOS = YES_AGGRESSIVE;
				GCC_WARN_UNUSED_FUNCTION = YES;
				GCC_WARN_UNUSED_VARIABLE = YES;
				IPHONEOS_DEPLOYMENT_TARGET = 8.1;
				MTL_ENABLE_DEBUG_INFO = YES;
				ONLY_ACTIVE_ARCH = YES;
				SDKROOT = iphoneos;
				SWIFT_OPTIMIZATION_LEVEL = "-Onone";
				TARGETED_DEVICE_FAMILY = "1,2";
			};
			name = Debug;
		};
		3E39582D1AA8F2C5007925EA /* Release */ = {
			isa = XCBuildConfiguration;
			buildSettings = {
				ALWAYS_SEARCH_USER_PATHS = NO;
				CLANG_CXX_LANGUAGE_STANDARD = "gnu++0x";
				CLANG_CXX_LIBRARY = "libc++";
				CLANG_ENABLE_MODULES = YES;
				CLANG_ENABLE_OBJC_ARC = YES;
				CLANG_WARN_BOOL_CONVERSION = YES;
				CLANG_WARN_CONSTANT_CONVERSION = YES;
				CLANG_WARN_DIRECT_OBJC_ISA_USAGE = YES_ERROR;
				CLANG_WARN_EMPTY_BODY = YES;
				CLANG_WARN_ENUM_CONVERSION = YES;
				CLANG_WARN_INT_CONVERSION = YES;
				CLANG_WARN_OBJC_ROOT_CLASS = YES_ERROR;
				CLANG_WARN_UNREACHABLE_CODE = YES;
				CLANG_WARN__DUPLICATE_METHOD_MATCH = YES;
				"CODE_SIGN_IDENTITY[sdk=iphoneos*]" = "iPhone Developer";
				COPY_PHASE_STRIP = YES;
				ENABLE_NS_ASSERTIONS = NO;
				ENABLE_STRICT_OBJC_MSGSEND = YES;
				GCC_C_LANGUAGE_STANDARD = gnu99;
				GCC_WARN_64_TO_32_BIT_CONVERSION = YES;
				GCC_WARN_ABOUT_RETURN_TYPE = YES_ERROR;
				GCC_WARN_UNDECLARED_SELECTOR = YES;
				GCC_WARN_UNINITIALIZED_AUTOS = YES_AGGRESSIVE;
				GCC_WARN_UNUSED_FUNCTION = YES;
				GCC_WARN_UNUSED_VARIABLE = YES;
				IPHONEOS_DEPLOYMENT_TARGET = 8.1;
				MTL_ENABLE_DEBUG_INFO = NO;
				SDKROOT = iphoneos;
				TARGETED_DEVICE_FAMILY = "1,2";
				VALIDATE_PRODUCT = YES;
			};
			name = Release;
		};
		3E39582F1AA8F2C5007925EA /* Debug */ = {
			isa = XCBuildConfiguration;
			buildSettings = {
				ASSETCATALOG_COMPILER_APPICON_NAME = AppIcon;
				INFOPLIST_FILE = Spritely/Info.plist;
				LD_RUNPATH_SEARCH_PATHS = "$(inherited) @executable_path/Frameworks";
				PRODUCT_NAME = "$(TARGET_NAME)";
			};
			name = Debug;
		};
		3E3958301AA8F2C5007925EA /* Release */ = {
			isa = XCBuildConfiguration;
			buildSettings = {
				ASSETCATALOG_COMPILER_APPICON_NAME = AppIcon;
				INFOPLIST_FILE = Spritely/Info.plist;
				LD_RUNPATH_SEARCH_PATHS = "$(inherited) @executable_path/Frameworks";
				PRODUCT_NAME = "$(TARGET_NAME)";
			};
			name = Release;
		};
		3E3958321AA8F2C5007925EA /* Debug */ = {
			isa = XCBuildConfiguration;
			buildSettings = {
				BUNDLE_LOADER = "$(TEST_HOST)";
				FRAMEWORK_SEARCH_PATHS = (
					"$(SDKROOT)/Developer/Library/Frameworks",
					"$(inherited)",
				);
				GCC_PREPROCESSOR_DEFINITIONS = (
					"DEBUG=1",
					"$(inherited)",
				);
				INFOPLIST_FILE = SpritelyTests/Info.plist;
				LD_RUNPATH_SEARCH_PATHS = "$(inherited) @executable_path/Frameworks @loader_path/Frameworks";
				PRODUCT_NAME = "$(TARGET_NAME)";
				TEST_HOST = "$(BUILT_PRODUCTS_DIR)/Spritely.app/Spritely";
			};
			name = Debug;
		};
		3E3958331AA8F2C5007925EA /* Release */ = {
			isa = XCBuildConfiguration;
			buildSettings = {
				BUNDLE_LOADER = "$(TEST_HOST)";
				FRAMEWORK_SEARCH_PATHS = (
					"$(SDKROOT)/Developer/Library/Frameworks",
					"$(inherited)",
				);
				INFOPLIST_FILE = SpritelyTests/Info.plist;
				LD_RUNPATH_SEARCH_PATHS = "$(inherited) @executable_path/Frameworks @loader_path/Frameworks";
				PRODUCT_NAME = "$(TARGET_NAME)";
				TEST_HOST = "$(BUILT_PRODUCTS_DIR)/Spritely.app/Spritely";
			};
			name = Release;
		};
/* End XCBuildConfiguration section */

/* Begin XCConfigurationList section */
		3E39580A1AA8F2C5007925EA /* Build configuration list for PBXProject "Spritely" */ = {
			isa = XCConfigurationList;
			buildConfigurations = (
				3E39582C1AA8F2C5007925EA /* Debug */,
				3E39582D1AA8F2C5007925EA /* Release */,
			);
			defaultConfigurationIsVisible = 0;
			defaultConfigurationName = Release;
		};
		3E39582E1AA8F2C5007925EA /* Build configuration list for PBXNativeTarget "Spritely" */ = {
			isa = XCConfigurationList;
			buildConfigurations = (
				3E39582F1AA8F2C5007925EA /* Debug */,
				3E3958301AA8F2C5007925EA /* Release */,
			);
			defaultConfigurationIsVisible = 0;
			defaultConfigurationName = Release;
		};
		3E3958311AA8F2C5007925EA /* Build configuration list for PBXNativeTarget "SpritelyTests" */ = {
			isa = XCConfigurationList;
			buildConfigurations = (
				3E3958321AA8F2C5007925EA /* Debug */,
				3E3958331AA8F2C5007925EA /* Release */,
			);
			defaultConfigurationIsVisible = 0;
			defaultConfigurationName = Release;
		};
/* End XCConfigurationList section */
	};
	rootObject = 3E3958071AA8F2C5007925EA /* Project object */;
}
